
Microsoft Visual Studio Solution File, Format Version 12.00
# Visual Studio Version 16
VisualStudioVersion = 16.0.31729.503
MinimumVisualStudioVersion = 10.0.40219.1
Project("{FAE04EC0-301F-11D3-BF4B-00C04F79EFBC}") = "Lab 10", "Lab 10\Lab 10.csproj", "{DCA707D0-B5B2-4588-B5C0-F453E5002043}"
EndProject
Global
	GlobalSection(SolutionConfigurationPlatforms) = preSolution
		Debug|Any CPU = Debug|Any CPU
		Release|Any CPU = Release|Any CPU
	EndGlobalSection
	GlobalSection(ProjectConfigurationPlatforms) = postSolution
		{DCA707D0-B5B2-4588-B5C0-F453E5002043}.Debug|Any CPU.ActiveCfg = Debug|Any CPU
		{DCA707D0-B5B2-4588-B5C0-F453E5002043}.Debug|Any CPU.Build.0 = Debug|Any CPU
		{DCA707D0-B5B2-4588-B5C0-F453E5002043}.Release|Any CPU.ActiveCfg = Release|Any CPU
		{DCA707D0-B5B2-4588-B5C0-F453E5002043}.Release|Any CPU.Build.0 = Release|Any CPU
	EndGlobalSection
	GlobalSection(SolutionProperties) = preSolution
		HideSolutionNode = FALSE
	EndGlobalSection
	GlobalSection(ExtensibilityGlobals) = postSolution
		SolutionGuid = {E7CA5349-8CAF-494E-938A-C572161B9E65}
	EndGlobalSection
EndGlobal
